
Microsoft Visual Studio Solution File, Format Version 12.00
# Visual Studio Version 17
VisualStudioVersion = 17.1.32328.378
MinimumVisualStudioVersion = 10.0.40219.1
Project("{FAE04EC0-301F-11D3-BF4B-00C04F79EFBC}") = "Exercise5E", "Exercise5E\Exercise5E.csproj", "{8C2476A6-D965-4647-8FE1-AE9A02D6B9AD}"
EndProject
Global
	GlobalSection(SolutionConfigurationPlatforms) = preSolution
		Debug|Any CPU = Debug|Any CPU
		Release|Any CPU = Release|Any CPU
	EndGlobalSection
	GlobalSection(ProjectConfigurationPlatforms) = postSolution
		{8C2476A6-D965-4647-8FE1-AE9A02D6B9AD}.Debug|Any CPU.ActiveCfg = Debug|Any CPU
		{8C2476A6-D965-4647-8FE1-AE9A02D6B9AD}.Debug|Any CPU.Build.0 = Debug|Any CPU
		{8C2476A6-D965-4647-8FE1-AE9A02D6B9AD}.Release|Any CPU.ActiveCfg = Release|Any CPU
		{8C2476A6-D965-4647-8FE1-AE9A02D6B9AD}.Release|Any CPU.Build.0 = Release|Any CPU
	EndGlobalSection
	GlobalSection(SolutionProperties) = preSolution
		HideSolutionNode = FALSE
	EndGlobalSection
	GlobalSection(ExtensibilityGlobals) = postSolution
		SolutionGuid = {D807769B-EBE5-494D-972C-C0A702F151E4}
	EndGlobalSection
EndGlobal
